{
	"name": "ghul--lsp",
	"version": "0.2.5",
	"lockfileVersion": 1,
	"requires": true,
	"dependencies": {
		"@types/file-url": {
			"version": "2.0.0",
			"resolved": "https://registry.npmjs.org/@types/file-url/-/file-url-2.0.0.tgz",
			"integrity": "sha512-9YqUM3izkmwtCbq6ANdcHJiU2mpDvPm3WuHOcJ5ZouHw7CoYcyY/KvZm6dmYTIurfrRsmBIvHr6y1jpBjDd4Jg=="
		},
		"@types/mocha": {
			"version": "2.2.48",
			"resolved": "https://registry.npmjs.org/@types/mocha/-/mocha-2.2.48.tgz",
			"integrity": "sha512-nlK/iyETgafGli8Zh9zJVCTicvU3iajSkRwOh3Hhiva598CMqNJ4NcVCGMTGKpGpTYj/9R8RLzS9NAykSSCqGw==",
			"dev": true
		},
		"@types/node": {
			"version": "6.14.10",
			"resolved": "https://registry.npmjs.org/@types/node/-/node-6.14.10.tgz",
			"integrity": "sha512-pF4HjZGSog75kGq7B1InK/wt/N08BuPATo+7HRfv7gZUzccebwv/fmWVGs/j6LvSiLWpCuGGhql51M/wcQsNzA==",
			"dev": true
		},
		"file-uri-to-path": {
			"version": "1.0.0",
			"resolved": "https://registry.npmjs.org/file-uri-to-path/-/file-uri-to-path-1.0.0.tgz",
			"integrity": "sha512-0Zt+s3L7Vf1biwWZ29aARiVYLx7iMGnEUl9x33fbB/j3jR81u/O2LbqK+Bm1CDSNDKVtJ/YjwY7TUd5SkeLQLw=="
		},
		"file-url": {
			"version": "2.0.2",
			"resolved": "https://registry.npmjs.org/file-url/-/file-url-2.0.2.tgz",
			"integrity": "sha1-6VF4TXkJUSfTcTApqwY/QIGMoq4="
		},
		"typescript": {
			"version": "3.9.5",
			"resolved": "https://registry.npmjs.org/typescript/-/typescript-3.9.5.tgz",
			"integrity": "sha512-hSAifV3k+i6lEoCJ2k6R2Z/rp/H3+8sdmcn5NrS3/3kE7+RyZXm9aqvxWqjEXHAd8b0pShatpcdMTvEdvAJltQ==",
			"dev": true
		}
	}
}
